
Microsoft Visual Studio Solution File, Format Version 12.00
# Visual Studio Version 17
VisualStudioVersion = 17.4.33213.308
MinimumVisualStudioVersion = 10.0.40219.1
Project("{FAE04EC0-301F-11D3-BF4B-00C04F79EFBC}") = "TrackingSystems", "TrackingSystems\TrackingSystems.csproj", "{B105FC86-25AA-4202-859C-A299134FF712}"
EndProject
Project("{FAE04EC0-301F-11D3-BF4B-00C04F79EFBC}") = "MVC", "MVC\MVC.csproj", "{18C200C9-D13D-48E5-9BD8-44DA5BEB7719}"
EndProject
Global
	GlobalSection(SolutionConfigurationPlatforms) = preSolution
		Debug|Any CPU = Debug|Any CPU
		Release|Any CPU = Release|Any CPU
	EndGlobalSection
	GlobalSection(ProjectConfigurationPlatforms) = postSolution
		{B105FC86-25AA-4202-859C-A299134FF712}.Debug|Any CPU.ActiveCfg = Debug|Any CPU
		{B105FC86-25AA-4202-859C-A299134FF712}.Debug|Any CPU.Build.0 = Debug|Any CPU
		{B105FC86-25AA-4202-859C-A299134FF712}.Release|Any CPU.ActiveCfg = Release|Any CPU
		{B105FC86-25AA-4202-859C-A299134FF712}.Release|Any CPU.Build.0 = Release|Any CPU
		{18C200C9-D13D-48E5-9BD8-44DA5BEB7719}.Debug|Any CPU.ActiveCfg = Debug|Any CPU
		{18C200C9-D13D-48E5-9BD8-44DA5BEB7719}.Debug|Any CPU.Build.0 = Debug|Any CPU
		{18C200C9-D13D-48E5-9BD8-44DA5BEB7719}.Release|Any CPU.ActiveCfg = Release|Any CPU
		{18C200C9-D13D-48E5-9BD8-44DA5BEB7719}.Release|Any CPU.Build.0 = Release|Any CPU
	EndGlobalSection
	GlobalSection(SolutionProperties) = preSolution
		HideSolutionNode = FALSE
	EndGlobalSection
	GlobalSection(ExtensibilityGlobals) = postSolution
		SolutionGuid = {E853E8E5-45FB-447A-B5C9-FAEDE6189474}
	EndGlobalSection
EndGlobal
